
Microsoft Visual Studio Solution File, Format Version 12.00
# Visual Studio 15
VisualStudioVersion = 15.0.28010.2036
MinimumVisualStudioVersion = 10.0.40219.1
Project("{FAE04EC0-301F-11D3-BF4B-00C04F79EFBC}") = "IniWrapper.ini-parser", "IniWrapper.ini-parser\IniWrapper.ini-parser.csproj", "{783A980F-37F2-4F35-B22E-E9F3A9EAA4D4}"
EndProject
Global
	GlobalSection(SolutionConfigurationPlatforms) = preSolution
		Debug|Any CPU = Debug|Any CPU
		Release|Any CPU = Release|Any CPU
	EndGlobalSection
	GlobalSection(ProjectConfigurationPlatforms) = postSolution
		{783A980F-37F2-4F35-B22E-E9F3A9EAA4D4}.Debug|Any CPU.ActiveCfg = Debug|Any CPU
		{783A980F-37F2-4F35-B22E-E9F3A9EAA4D4}.Debug|Any CPU.Build.0 = Debug|Any CPU
		{783A980F-37F2-4F35-B22E-E9F3A9EAA4D4}.Release|Any CPU.ActiveCfg = Release|Any CPU
		{783A980F-37F2-4F35-B22E-E9F3A9EAA4D4}.Release|Any CPU.Build.0 = Release|Any CPU
	EndGlobalSection
	GlobalSection(SolutionProperties) = preSolution
		HideSolutionNode = FALSE
	EndGlobalSection
	GlobalSection(ExtensibilityGlobals) = postSolution
		SolutionGuid = {80985E42-1A94-4889-80ED-00DF90CE3CB8}
	EndGlobalSection
EndGlobal
